
Microsoft Visual Studio Solution File, Format Version 12.00
# Visual Studio Version 17
VisualStudioVersion = 17.11.35201.85
MinimumVisualStudioVersion = 10.0.40219.1
Project("{FAE04EC0-301F-11D3-BF4B-00C04F79EFBC}") = "Gcs.Entity", "Gcs.Entity\Gcs.Entity.csproj", "{7BF05088-CC22-4736-8A91-0A8B5411BD60}"
EndProject
Project("{FAE04EC0-301F-11D3-BF4B-00C04F79EFBC}") = "Gcs.DAL", "Gcs.DAL\Gcs.DAL.csproj", "{8EDC4D44-AA6F-49EB-8B78-CE497E6E5A24}"
EndProject
Project("{FAE04EC0-301F-11D3-BF4B-00C04F79EFBC}") = "Gcs.BLL", "Gcs.BLL\Gcs.BLL.csproj", "{75DAE036-7BBB-4B29-B4D1-F3F2C0952C77}"
EndProject
Project("{FAE04EC0-301F-11D3-BF4B-00C04F79EFBC}") = "Gcs.IOC", "Gcs.IOC\Gcs.IOC.csproj", "{FDABE8BD-E980-4E63-82BB-1A3DD2CE3C59}"
EndProject
Project("{FAE04EC0-301F-11D3-BF4B-00C04F79EFBC}") = "Gcs.App", "Gcs.App\Gcs.App.csproj", "{9B4F6E3B-0C18-4B0B-8BEC-426B4598CBD6}"
EndProject
Global
	GlobalSection(SolutionConfigurationPlatforms) = preSolution
		Debug|Any CPU = Debug|Any CPU
		Release|Any CPU = Release|Any CPU
	EndGlobalSection
	GlobalSection(ProjectConfigurationPlatforms) = postSolution
		{7BF05088-CC22-4736-8A91-0A8B5411BD60}.Debug|Any CPU.ActiveCfg = Debug|Any CPU
		{7BF05088-CC22-4736-8A91-0A8B5411BD60}.Debug|Any CPU.Build.0 = Debug|Any CPU
		{7BF05088-CC22-4736-8A91-0A8B5411BD60}.Release|Any CPU.ActiveCfg = Release|Any CPU
		{7BF05088-CC22-4736-8A91-0A8B5411BD60}.Release|Any CPU.Build.0 = Release|Any CPU
		{8EDC4D44-AA6F-49EB-8B78-CE497E6E5A24}.Debug|Any CPU.ActiveCfg = Debug|Any CPU
		{8EDC4D44-AA6F-49EB-8B78-CE497E6E5A24}.Debug|Any CPU.Build.0 = Debug|Any CPU
		{8EDC4D44-AA6F-49EB-8B78-CE497E6E5A24}.Release|Any CPU.ActiveCfg = Release|Any CPU
		{8EDC4D44-AA6F-49EB-8B78-CE497E6E5A24}.Release|Any CPU.Build.0 = Release|Any CPU
		{75DAE036-7BBB-4B29-B4D1-F3F2C0952C77}.Debug|Any CPU.ActiveCfg = Debug|Any CPU
		{75DAE036-7BBB-4B29-B4D1-F3F2C0952C77}.Debug|Any CPU.Build.0 = Debug|Any CPU
		{75DAE036-7BBB-4B29-B4D1-F3F2C0952C77}.Release|Any CPU.ActiveCfg = Release|Any CPU
		{75DAE036-7BBB-4B29-B4D1-F3F2C0952C77}.Release|Any CPU.Build.0 = Release|Any CPU
		{FDABE8BD-E980-4E63-82BB-1A3DD2CE3C59}.Debug|Any CPU.ActiveCfg = Debug|Any CPU
		{FDABE8BD-E980-4E63-82BB-1A3DD2CE3C59}.Debug|Any CPU.Build.0 = Debug|Any CPU
		{FDABE8BD-E980-4E63-82BB-1A3DD2CE3C59}.Release|Any CPU.ActiveCfg = Release|Any CPU
		{FDABE8BD-E980-4E63-82BB-1A3DD2CE3C59}.Release|Any CPU.Build.0 = Release|Any CPU
		{9B4F6E3B-0C18-4B0B-8BEC-426B4598CBD6}.Debug|Any CPU.ActiveCfg = Debug|Any CPU
		{9B4F6E3B-0C18-4B0B-8BEC-426B4598CBD6}.Debug|Any CPU.Build.0 = Debug|Any CPU
		{9B4F6E3B-0C18-4B0B-8BEC-426B4598CBD6}.Release|Any CPU.ActiveCfg = Release|Any CPU
		{9B4F6E3B-0C18-4B0B-8BEC-426B4598CBD6}.Release|Any CPU.Build.0 = Release|Any CPU
	EndGlobalSection
	GlobalSection(SolutionProperties) = preSolution
		HideSolutionNode = FALSE
	EndGlobalSection
	GlobalSection(ExtensibilityGlobals) = postSolution
		SolutionGuid = {51F29D80-3C82-4185-826A-4B8071C68427}
	EndGlobalSection
EndGlobal
